
Microsoft Visual Studio Solution File, Format Version 12.00
# Visual Studio Version 16
VisualStudioVersion = 16.0.29709.97
MinimumVisualStudioVersion = 10.0.40219.1
Project("{FAE04EC0-301F-11D3-BF4B-00C04F79EFBC}") = "ConditionalStatement", "ConditionalStatement\ConditionalStatement.csproj", "{4FF6FEC3-3009-499A-B193-6734707E240F}"
EndProject
Global
	GlobalSection(SolutionConfigurationPlatforms) = preSolution
		Debug|Any CPU = Debug|Any CPU
		Release|Any CPU = Release|Any CPU
	EndGlobalSection
	GlobalSection(ProjectConfigurationPlatforms) = postSolution
		{4FF6FEC3-3009-499A-B193-6734707E240F}.Debug|Any CPU.ActiveCfg = Debug|Any CPU
		{4FF6FEC3-3009-499A-B193-6734707E240F}.Debug|Any CPU.Build.0 = Debug|Any CPU
		{4FF6FEC3-3009-499A-B193-6734707E240F}.Release|Any CPU.ActiveCfg = Release|Any CPU
		{4FF6FEC3-3009-499A-B193-6734707E240F}.Release|Any CPU.Build.0 = Release|Any CPU
	EndGlobalSection
	GlobalSection(SolutionProperties) = preSolution
		HideSolutionNode = FALSE
	EndGlobalSection
	GlobalSection(ExtensibilityGlobals) = postSolution
		SolutionGuid = {E9A3CAA5-5036-45F4-AF55-492EF268D4DD}
	EndGlobalSection
EndGlobal
